
Microsoft Visual Studio Solution File, Format Version 12.00
# Visual Studio Version 17
VisualStudioVersion = 17.5.33516.290
MinimumVisualStudioVersion = 10.0.40219.1
Project("{FAE04EC0-301F-11D3-BF4B-00C04F79EFBC}") = "SingleResponsibility", "SingleResponsibility\SingleResponsibility.csproj", "{2B49E38E-752C-41B7-9D3A-AA077CD49DDE}"
EndProject
Project("{FAE04EC0-301F-11D3-BF4B-00C04F79EFBC}") = "OpenClosed", "OpenClosed\OpenClosed.csproj", "{638F3E70-D82F-4812-B870-E4902F692E34}"
EndProject
Project("{FAE04EC0-301F-11D3-BF4B-00C04F79EFBC}") = "LiskovSubstution", "LiskovSubstution\LiskovSubstution.csproj", "{1DB74FD1-4655-446F-AC76-39324D58FF77}"
EndProject
Project("{FAE04EC0-301F-11D3-BF4B-00C04F79EFBC}") = "InterfaceSegregation", "InterfaceSegregation\InterfaceSegregation.csproj", "{AFC2513D-20F9-4877-8867-072A1B75150E}"
EndProject
Project("{FAE04EC0-301F-11D3-BF4B-00C04F79EFBC}") = "DependencyInversion", "DependencyInversion\DependencyInversion.csproj", "{62473674-644C-404E-A119-02340C682115}"
EndProject
Global
	GlobalSection(SolutionConfigurationPlatforms) = preSolution
		Debug|Any CPU = Debug|Any CPU
		Release|Any CPU = Release|Any CPU
	EndGlobalSection
	GlobalSection(ProjectConfigurationPlatforms) = postSolution
		{2B49E38E-752C-41B7-9D3A-AA077CD49DDE}.Debug|Any CPU.ActiveCfg = Debug|Any CPU
		{2B49E38E-752C-41B7-9D3A-AA077CD49DDE}.Debug|Any CPU.Build.0 = Debug|Any CPU
		{2B49E38E-752C-41B7-9D3A-AA077CD49DDE}.Release|Any CPU.ActiveCfg = Release|Any CPU
		{2B49E38E-752C-41B7-9D3A-AA077CD49DDE}.Release|Any CPU.Build.0 = Release|Any CPU
		{638F3E70-D82F-4812-B870-E4902F692E34}.Debug|Any CPU.ActiveCfg = Debug|Any CPU
		{638F3E70-D82F-4812-B870-E4902F692E34}.Debug|Any CPU.Build.0 = Debug|Any CPU
		{638F3E70-D82F-4812-B870-E4902F692E34}.Release|Any CPU.ActiveCfg = Release|Any CPU
		{638F3E70-D82F-4812-B870-E4902F692E34}.Release|Any CPU.Build.0 = Release|Any CPU
		{1DB74FD1-4655-446F-AC76-39324D58FF77}.Debug|Any CPU.ActiveCfg = Debug|Any CPU
		{1DB74FD1-4655-446F-AC76-39324D58FF77}.Debug|Any CPU.Build.0 = Debug|Any CPU
		{1DB74FD1-4655-446F-AC76-39324D58FF77}.Release|Any CPU.ActiveCfg = Release|Any CPU
		{1DB74FD1-4655-446F-AC76-39324D58FF77}.Release|Any CPU.Build.0 = Release|Any CPU
		{AFC2513D-20F9-4877-8867-072A1B75150E}.Debug|Any CPU.ActiveCfg = Debug|Any CPU
		{AFC2513D-20F9-4877-8867-072A1B75150E}.Debug|Any CPU.Build.0 = Debug|Any CPU
		{AFC2513D-20F9-4877-8867-072A1B75150E}.Release|Any CPU.ActiveCfg = Release|Any CPU
		{AFC2513D-20F9-4877-8867-072A1B75150E}.Release|Any CPU.Build.0 = Release|Any CPU
		{62473674-644C-404E-A119-02340C682115}.Debug|Any CPU.ActiveCfg = Debug|Any CPU
		{62473674-644C-404E-A119-02340C682115}.Debug|Any CPU.Build.0 = Debug|Any CPU
		{62473674-644C-404E-A119-02340C682115}.Release|Any CPU.ActiveCfg = Release|Any CPU
		{62473674-644C-404E-A119-02340C682115}.Release|Any CPU.Build.0 = Release|Any CPU
	EndGlobalSection
	GlobalSection(SolutionProperties) = preSolution
		HideSolutionNode = FALSE
	EndGlobalSection
	GlobalSection(ExtensibilityGlobals) = postSolution
		SolutionGuid = {C6CD9B27-FEA4-4C21-8192-84615D5DB4A7}
	EndGlobalSection
EndGlobal
