
Microsoft Visual Studio Solution File, Format Version 12.00
# Visual Studio Version 17
VisualStudioVersion = 17.5.33516.290
MinimumVisualStudioVersion = 10.0.40219.1
Project("{FAE04EC0-301F-11D3-BF4B-00C04F79EFBC}") = "BadCode", "BadCode\BadCode.csproj", "{CBA1B480-B5CD-46B6-AB30-07DC1A90B79B}"
EndProject
Project("{FAE04EC0-301F-11D3-BF4B-00C04F79EFBC}") = "GoodCode", "GoodCode\GoodCode.csproj", "{2B1AFD85-329A-48DD-BA82-1041371AF0E7}"
EndProject
Project("{FAE04EC0-301F-11D3-BF4B-00C04F79EFBC}") = "GoodCode.Library", "GoodCode.Library\GoodCode.Library.csproj", "{AE8515E2-9C43-45E3-A14F-40A6D1030BCA}"
EndProject
Global
	GlobalSection(SolutionConfigurationPlatforms) = preSolution
		Debug|Any CPU = Debug|Any CPU
		Release|Any CPU = Release|Any CPU
	EndGlobalSection
	GlobalSection(ProjectConfigurationPlatforms) = postSolution
		{CBA1B480-B5CD-46B6-AB30-07DC1A90B79B}.Debug|Any CPU.ActiveCfg = Debug|Any CPU
		{CBA1B480-B5CD-46B6-AB30-07DC1A90B79B}.Debug|Any CPU.Build.0 = Debug|Any CPU
		{CBA1B480-B5CD-46B6-AB30-07DC1A90B79B}.Release|Any CPU.ActiveCfg = Release|Any CPU
		{CBA1B480-B5CD-46B6-AB30-07DC1A90B79B}.Release|Any CPU.Build.0 = Release|Any CPU
		{2B1AFD85-329A-48DD-BA82-1041371AF0E7}.Debug|Any CPU.ActiveCfg = Debug|Any CPU
		{2B1AFD85-329A-48DD-BA82-1041371AF0E7}.Debug|Any CPU.Build.0 = Debug|Any CPU
		{2B1AFD85-329A-48DD-BA82-1041371AF0E7}.Release|Any CPU.ActiveCfg = Release|Any CPU
		{2B1AFD85-329A-48DD-BA82-1041371AF0E7}.Release|Any CPU.Build.0 = Release|Any CPU
		{AE8515E2-9C43-45E3-A14F-40A6D1030BCA}.Debug|Any CPU.ActiveCfg = Debug|Any CPU
		{AE8515E2-9C43-45E3-A14F-40A6D1030BCA}.Debug|Any CPU.Build.0 = Debug|Any CPU
		{AE8515E2-9C43-45E3-A14F-40A6D1030BCA}.Release|Any CPU.ActiveCfg = Release|Any CPU
		{AE8515E2-9C43-45E3-A14F-40A6D1030BCA}.Release|Any CPU.Build.0 = Release|Any CPU
	EndGlobalSection
	GlobalSection(SolutionProperties) = preSolution
		HideSolutionNode = FALSE
	EndGlobalSection
	GlobalSection(ExtensibilityGlobals) = postSolution
		SolutionGuid = {AC4E855C-15CA-489B-8091-04BA01A1BD7A}
	EndGlobalSection
EndGlobal
