
Microsoft Visual Studio Solution File, Format Version 12.00
# Visual Studio Version 17
VisualStudioVersion = 17.5.33516.290
MinimumVisualStudioVersion = 10.0.40219.1
Project("{FAE04EC0-301F-11D3-BF4B-00C04F79EFBC}") = "CleanFunctions", "CleanFunctions\CleanFunctions.csproj", "{F72D0FB1-F5CA-463A-B8E9-B2672C81670E}"
EndProject
Global
	GlobalSection(SolutionConfigurationPlatforms) = preSolution
		Debug|Any CPU = Debug|Any CPU
		Release|Any CPU = Release|Any CPU
	EndGlobalSection
	GlobalSection(ProjectConfigurationPlatforms) = postSolution
		{F72D0FB1-F5CA-463A-B8E9-B2672C81670E}.Debug|Any CPU.ActiveCfg = Debug|Any CPU
		{F72D0FB1-F5CA-463A-B8E9-B2672C81670E}.Debug|Any CPU.Build.0 = Debug|Any CPU
		{F72D0FB1-F5CA-463A-B8E9-B2672C81670E}.Release|Any CPU.ActiveCfg = Release|Any CPU
		{F72D0FB1-F5CA-463A-B8E9-B2672C81670E}.Release|Any CPU.Build.0 = Release|Any CPU
	EndGlobalSection
	GlobalSection(SolutionProperties) = preSolution
		HideSolutionNode = FALSE
	EndGlobalSection
	GlobalSection(ExtensibilityGlobals) = postSolution
		SolutionGuid = {7A7CB054-6B60-4ECE-93C8-1FDAC01C5263}
	EndGlobalSection
EndGlobal
